<?xml version="1.0" encoding="UTF-8" standalone="yes" ?>
<CodeBlocks_project_file>
	<FileVersion major="1" minor="6" />
	<Project>
		<Option title="ICT283-Assignment-2" />
		<Option pch_mode="2" />
		<Option compiler="gcc" />
		<Build>
			<Target title="Debug">
				<Option output="bin/Debug/ICT283-Assignment-2" prefix_auto="1" extension_auto="1" />
				<Option object_output="obj/Debug/" />
				<Option type="1" />
				<Option compiler="gcc" />
				<Compiler>
					<Add option="-g" />
				</Compiler>
			</Target>
			<Target title="Release">
				<Option output="bin/Release/ICT283-Assignment-2" prefix_auto="1" extension_auto="1" />
				<Option object_output="obj/Release/" />
				<Option type="1" />
				<Option compiler="gcc" />
				<Compiler>
					<Add option="-O2" />
				</Compiler>
				<Linker>
					<Add option="-s" />
				</Linker>
			</Target>
		</Build>
		<Compiler>
			<Add option="-Wall" />
			<Add option="-fexceptions" />
		</Compiler>
		<Unit filename="includes/Date.h" />
		<Unit filename="includes/Stack.h" />
		<Unit filename="includes/StatsCalcs.h" />
		<Unit filename="includes/Time.h" />
		<Unit filename="includes/Vector.h" />
		<Unit filename="includes/VectorUtilities.h" />
		<Unit filename="includes/WeatherMenu.h" />
		<Unit filename="includes/WeatherMenuContext.h" />
		<Unit filename="includes/WeatherMenuOptions.h" />
		<Unit filename="includes/WeatherRec.h" />
		<Unit filename="includes/WeatherRecIO.h" />
		<Unit filename="includes/WeatherRecUtilities.h" />
		<Unit filename="src/Date.cpp" />
		<Unit filename="src/StatsCalcs.cpp" />
		<Unit filename="src/Time.cpp" />
		<Unit filename="src/WeatherMenu.cpp" />
		<Unit filename="src/WeatherMenuContext.cpp" />
		<Unit filename="src/WeatherMenuOptions.cpp" />
		<Unit filename="src/WeatherRecIO.cpp" />
		<Unit filename="src/WeatherRecUtilities.cpp" />
		<Unit filename="src/main.cpp" />
		<Extensions>
			<code_completion />
			<envvars />
			<debugger />
			<lib_finder disable_auto="1" />
		</Extensions>
	</Project>
</CodeBlocks_project_file>
